
Microsoft Visual Studio Solution File, Format Version 12.00
# Visual Studio Version 17
VisualStudioVersion = 17.3.32922.545
MinimumVisualStudioVersion = 10.0.40219.1
Project("{9A19103F-16F7-4668-BE54-9A1E7A4F7556}") = "Baraban", "Baraban\Baraban.csproj", "{F839DC1F-3A81-40F3-9A69-55E7586893BC}"
EndProject
Project("{9A19103F-16F7-4668-BE54-9A1E7A4F7556}") = "MathLib", "MathLib\MathLib.csproj", "{D73A077A-2321-4C2E-BEC3-E46888ED5393}"
EndProject
Project("{9A19103F-16F7-4668-BE54-9A1E7A4F7556}") = "BarabanWebAPI", "BarabanWebAPI\BarabanWebAPI.csproj", "{5A244CD3-6ADF-4221-879F-5D3B68D1934F}"
EndProject
Project("{2150E333-8FDC-42A3-9474-1A3956D46DE8}") = "Microservices", "Microservices", "{31D1F09A-DB90-418B-95F2-DAE8AEF29355}"
EndProject
Project("{9A19103F-16F7-4668-BE54-9A1E7A4F7556}") = "CalcMicroservice", "CalcMicroservices\CalcMicroservice.csproj", "{9CD633D6-E7E0-4116-8032-0C33A7CCE86D}"
EndProject
Project("{9A19103F-16F7-4668-BE54-9A1E7A4F7556}") = "Domain", "Domain\Domain.csproj", "{4685E380-6462-4B1E-BC0A-4D142541127A}"
EndProject
Project("{FAE04EC0-301F-11D3-BF4B-00C04F79EFBC}") = "ReportMicroservice", "ReportMicroservice\ReportMicroservice.csproj", "{2932915F-B527-4AF7-B3F5-7676A9485CDE}"
EndProject
Global
	GlobalSection(SolutionConfigurationPlatforms) = preSolution
		Debug|Any CPU = Debug|Any CPU
		Debug|ARM = Debug|ARM
		Debug|ARM64 = Debug|ARM64
		Debug|x64 = Debug|x64
		Debug|x86 = Debug|x86
		Release|Any CPU = Release|Any CPU
		Release|ARM = Release|ARM
		Release|ARM64 = Release|ARM64
		Release|x64 = Release|x64
		Release|x86 = Release|x86
	EndGlobalSection
	GlobalSection(ProjectConfigurationPlatforms) = postSolution
		{F839DC1F-3A81-40F3-9A69-55E7586893BC}.Debug|Any CPU.ActiveCfg = Debug|Any CPU
		{F839DC1F-3A81-40F3-9A69-55E7586893BC}.Debug|Any CPU.Build.0 = Debug|Any CPU
		{F839DC1F-3A81-40F3-9A69-55E7586893BC}.Debug|ARM.ActiveCfg = Debug|Any CPU
		{F839DC1F-3A81-40F3-9A69-55E7586893BC}.Debug|ARM.Build.0 = Debug|Any CPU
		{F839DC1F-3A81-40F3-9A69-55E7586893BC}.Debug|ARM64.ActiveCfg = Debug|Any CPU
		{F839DC1F-3A81-40F3-9A69-55E7586893BC}.Debug|ARM64.Build.0 = Debug|Any CPU
		{F839DC1F-3A81-40F3-9A69-55E7586893BC}.Debug|x64.ActiveCfg = Debug|Any CPU
		{F839DC1F-3A81-40F3-9A69-55E7586893BC}.Debug|x64.Build.0 = Debug|Any CPU
		{F839DC1F-3A81-40F3-9A69-55E7586893BC}.Debug|x86.ActiveCfg = Debug|Any CPU
		{F839DC1F-3A81-40F3-9A69-55E7586893BC}.Debug|x86.Build.0 = Debug|Any CPU
		{F839DC1F-3A81-40F3-9A69-55E7586893BC}.Release|Any CPU.ActiveCfg = Release|Any CPU
		{F839DC1F-3A81-40F3-9A69-55E7586893BC}.Release|Any CPU.Build.0 = Release|Any CPU
		{F839DC1F-3A81-40F3-9A69-55E7586893BC}.Release|ARM.ActiveCfg = Release|Any CPU
		{F839DC1F-3A81-40F3-9A69-55E7586893BC}.Release|ARM.Build.0 = Release|Any CPU
		{F839DC1F-3A81-40F3-9A69-55E7586893BC}.Release|ARM64.ActiveCfg = Release|Any CPU
		{F839DC1F-3A81-40F3-9A69-55E7586893BC}.Release|ARM64.Build.0 = Release|Any CPU
		{F839DC1F-3A81-40F3-9A69-55E7586893BC}.Release|x64.ActiveCfg = Release|Any CPU
		{F839DC1F-3A81-40F3-9A69-55E7586893BC}.Release|x64.Build.0 = Release|Any CPU
		{F839DC1F-3A81-40F3-9A69-55E7586893BC}.Release|x86.ActiveCfg = Release|Any CPU
		{F839DC1F-3A81-40F3-9A69-55E7586893BC}.Release|x86.Build.0 = Release|Any CPU
		{D73A077A-2321-4C2E-BEC3-E46888ED5393}.Debug|Any CPU.ActiveCfg = Debug|Any CPU
		{D73A077A-2321-4C2E-BEC3-E46888ED5393}.Debug|Any CPU.Build.0 = Debug|Any CPU
		{D73A077A-2321-4C2E-BEC3-E46888ED5393}.Debug|ARM.ActiveCfg = Debug|Any CPU
		{D73A077A-2321-4C2E-BEC3-E46888ED5393}.Debug|ARM.Build.0 = Debug|Any CPU
		{D73A077A-2321-4C2E-BEC3-E46888ED5393}.Debug|ARM64.ActiveCfg = Debug|Any CPU
		{D73A077A-2321-4C2E-BEC3-E46888ED5393}.Debug|ARM64.Build.0 = Debug|Any CPU
		{D73A077A-2321-4C2E-BEC3-E46888ED5393}.Debug|x64.ActiveCfg = Debug|Any CPU
		{D73A077A-2321-4C2E-BEC3-E46888ED5393}.Debug|x64.Build.0 = Debug|Any CPU
		{D73A077A-2321-4C2E-BEC3-E46888ED5393}.Debug|x86.ActiveCfg = Debug|Any CPU
		{D73A077A-2321-4C2E-BEC3-E46888ED5393}.Debug|x86.Build.0 = Debug|Any CPU
		{D73A077A-2321-4C2E-BEC3-E46888ED5393}.Release|Any CPU.ActiveCfg = Release|Any CPU
		{D73A077A-2321-4C2E-BEC3-E46888ED5393}.Release|Any CPU.Build.0 = Release|Any CPU
		{D73A077A-2321-4C2E-BEC3-E46888ED5393}.Release|ARM.ActiveCfg = Release|Any CPU
		{D73A077A-2321-4C2E-BEC3-E46888ED5393}.Release|ARM.Build.0 = Release|Any CPU
		{D73A077A-2321-4C2E-BEC3-E46888ED5393}.Release|ARM64.ActiveCfg = Release|Any CPU
		{D73A077A-2321-4C2E-BEC3-E46888ED5393}.Release|ARM64.Build.0 = Release|Any CPU
		{D73A077A-2321-4C2E-BEC3-E46888ED5393}.Release|x64.ActiveCfg = Release|Any CPU
		{D73A077A-2321-4C2E-BEC3-E46888ED5393}.Release|x64.Build.0 = Release|Any CPU
		{D73A077A-2321-4C2E-BEC3-E46888ED5393}.Release|x86.ActiveCfg = Release|Any CPU
		{D73A077A-2321-4C2E-BEC3-E46888ED5393}.Release|x86.Build.0 = Release|Any CPU
		{5A244CD3-6ADF-4221-879F-5D3B68D1934F}.Debug|Any CPU.ActiveCfg = Debug|Any CPU
		{5A244CD3-6ADF-4221-879F-5D3B68D1934F}.Debug|Any CPU.Build.0 = Debug|Any CPU
		{5A244CD3-6ADF-4221-879F-5D3B68D1934F}.Debug|ARM.ActiveCfg = Debug|Any CPU
		{5A244CD3-6ADF-4221-879F-5D3B68D1934F}.Debug|ARM.Build.0 = Debug|Any CPU
		{5A244CD3-6ADF-4221-879F-5D3B68D1934F}.Debug|ARM64.ActiveCfg = Debug|Any CPU
		{5A244CD3-6ADF-4221-879F-5D3B68D1934F}.Debug|ARM64.Build.0 = Debug|Any CPU
		{5A244CD3-6ADF-4221-879F-5D3B68D1934F}.Debug|x64.ActiveCfg = Debug|Any CPU
		{5A244CD3-6ADF-4221-879F-5D3B68D1934F}.Debug|x64.Build.0 = Debug|Any CPU
		{5A244CD3-6ADF-4221-879F-5D3B68D1934F}.Debug|x86.ActiveCfg = Debug|Any CPU
		{5A244CD3-6ADF-4221-879F-5D3B68D1934F}.Debug|x86.Build.0 = Debug|Any CPU
		{5A244CD3-6ADF-4221-879F-5D3B68D1934F}.Release|Any CPU.ActiveCfg = Release|Any CPU
		{5A244CD3-6ADF-4221-879F-5D3B68D1934F}.Release|Any CPU.Build.0 = Release|Any CPU
		{5A244CD3-6ADF-4221-879F-5D3B68D1934F}.Release|ARM.ActiveCfg = Release|Any CPU
		{5A244CD3-6ADF-4221-879F-5D3B68D1934F}.Release|ARM.Build.0 = Release|Any CPU
		{5A244CD3-6ADF-4221-879F-5D3B68D1934F}.Release|ARM64.ActiveCfg = Release|Any CPU
		{5A244CD3-6ADF-4221-879F-5D3B68D1934F}.Release|ARM64.Build.0 = Release|Any CPU
		{5A244CD3-6ADF-4221-879F-5D3B68D1934F}.Release|x64.ActiveCfg = Release|Any CPU
		{5A244CD3-6ADF-4221-879F-5D3B68D1934F}.Release|x64.Build.0 = Release|Any CPU
		{5A244CD3-6ADF-4221-879F-5D3B68D1934F}.Release|x86.ActiveCfg = Release|Any CPU
		{5A244CD3-6ADF-4221-879F-5D3B68D1934F}.Release|x86.Build.0 = Release|Any CPU
		{9CD633D6-E7E0-4116-8032-0C33A7CCE86D}.Debug|Any CPU.ActiveCfg = Debug|Any CPU
		{9CD633D6-E7E0-4116-8032-0C33A7CCE86D}.Debug|Any CPU.Build.0 = Debug|Any CPU
		{9CD633D6-E7E0-4116-8032-0C33A7CCE86D}.Debug|ARM.ActiveCfg = Debug|Any CPU
		{9CD633D6-E7E0-4116-8032-0C33A7CCE86D}.Debug|ARM.Build.0 = Debug|Any CPU
		{9CD633D6-E7E0-4116-8032-0C33A7CCE86D}.Debug|ARM64.ActiveCfg = Debug|Any CPU
		{9CD633D6-E7E0-4116-8032-0C33A7CCE86D}.Debug|ARM64.Build.0 = Debug|Any CPU
		{9CD633D6-E7E0-4116-8032-0C33A7CCE86D}.Debug|x64.ActiveCfg = Debug|Any CPU
		{9CD633D6-E7E0-4116-8032-0C33A7CCE86D}.Debug|x64.Build.0 = Debug|Any CPU
		{9CD633D6-E7E0-4116-8032-0C33A7CCE86D}.Debug|x86.ActiveCfg = Debug|Any CPU
		{9CD633D6-E7E0-4116-8032-0C33A7CCE86D}.Debug|x86.Build.0 = Debug|Any CPU
		{9CD633D6-E7E0-4116-8032-0C33A7CCE86D}.Release|Any CPU.ActiveCfg = Release|Any CPU
		{9CD633D6-E7E0-4116-8032-0C33A7CCE86D}.Release|Any CPU.Build.0 = Release|Any CPU
		{9CD633D6-E7E0-4116-8032-0C33A7CCE86D}.Release|ARM.ActiveCfg = Release|Any CPU
		{9CD633D6-E7E0-4116-8032-0C33A7CCE86D}.Release|ARM.Build.0 = Release|Any CPU
		{9CD633D6-E7E0-4116-8032-0C33A7CCE86D}.Release|ARM64.ActiveCfg = Release|Any CPU
		{9CD633D6-E7E0-4116-8032-0C33A7CCE86D}.Release|ARM64.Build.0 = Release|Any CPU
		{9CD633D6-E7E0-4116-8032-0C33A7CCE86D}.Release|x64.ActiveCfg = Release|Any CPU
		{9CD633D6-E7E0-4116-8032-0C33A7CCE86D}.Release|x64.Build.0 = Release|Any CPU
		{9CD633D6-E7E0-4116-8032-0C33A7CCE86D}.Release|x86.ActiveCfg = Release|Any CPU
		{9CD633D6-E7E0-4116-8032-0C33A7CCE86D}.Release|x86.Build.0 = Release|Any CPU
		{4685E380-6462-4B1E-BC0A-4D142541127A}.Debug|Any CPU.ActiveCfg = Debug|Any CPU
		{4685E380-6462-4B1E-BC0A-4D142541127A}.Debug|Any CPU.Build.0 = Debug|Any CPU
		{4685E380-6462-4B1E-BC0A-4D142541127A}.Debug|ARM.ActiveCfg = Debug|Any CPU
		{4685E380-6462-4B1E-BC0A-4D142541127A}.Debug|ARM.Build.0 = Debug|Any CPU
		{4685E380-6462-4B1E-BC0A-4D142541127A}.Debug|ARM64.ActiveCfg = Debug|Any CPU
		{4685E380-6462-4B1E-BC0A-4D142541127A}.Debug|ARM64.Build.0 = Debug|Any CPU
		{4685E380-6462-4B1E-BC0A-4D142541127A}.Debug|x64.ActiveCfg = Debug|Any CPU
		{4685E380-6462-4B1E-BC0A-4D142541127A}.Debug|x64.Build.0 = Debug|Any CPU
		{4685E380-6462-4B1E-BC0A-4D142541127A}.Debug|x86.ActiveCfg = Debug|Any CPU
		{4685E380-6462-4B1E-BC0A-4D142541127A}.Debug|x86.Build.0 = Debug|Any CPU
		{4685E380-6462-4B1E-BC0A-4D142541127A}.Release|Any CPU.ActiveCfg = Release|Any CPU
		{4685E380-6462-4B1E-BC0A-4D142541127A}.Release|Any CPU.Build.0 = Release|Any CPU
		{4685E380-6462-4B1E-BC0A-4D142541127A}.Release|ARM.ActiveCfg = Release|Any CPU
		{4685E380-6462-4B1E-BC0A-4D142541127A}.Release|ARM.Build.0 = Release|Any CPU
		{4685E380-6462-4B1E-BC0A-4D142541127A}.Release|ARM64.ActiveCfg = Release|Any CPU
		{4685E380-6462-4B1E-BC0A-4D142541127A}.Release|ARM64.Build.0 = Release|Any CPU
		{4685E380-6462-4B1E-BC0A-4D142541127A}.Release|x64.ActiveCfg = Release|Any CPU
		{4685E380-6462-4B1E-BC0A-4D142541127A}.Release|x64.Build.0 = Release|Any CPU
		{4685E380-6462-4B1E-BC0A-4D142541127A}.Release|x86.ActiveCfg = Release|Any CPU
		{4685E380-6462-4B1E-BC0A-4D142541127A}.Release|x86.Build.0 = Release|Any CPU
		{2932915F-B527-4AF7-B3F5-7676A9485CDE}.Debug|Any CPU.ActiveCfg = Debug|Any CPU
		{2932915F-B527-4AF7-B3F5-7676A9485CDE}.Debug|Any CPU.Build.0 = Debug|Any CPU
		{2932915F-B527-4AF7-B3F5-7676A9485CDE}.Debug|ARM.ActiveCfg = Debug|Any CPU
		{2932915F-B527-4AF7-B3F5-7676A9485CDE}.Debug|ARM.Build.0 = Debug|Any CPU
		{2932915F-B527-4AF7-B3F5-7676A9485CDE}.Debug|ARM64.ActiveCfg = Debug|Any CPU
		{2932915F-B527-4AF7-B3F5-7676A9485CDE}.Debug|ARM64.Build.0 = Debug|Any CPU
		{2932915F-B527-4AF7-B3F5-7676A9485CDE}.Debug|x64.ActiveCfg = Debug|Any CPU
		{2932915F-B527-4AF7-B3F5-7676A9485CDE}.Debug|x64.Build.0 = Debug|Any CPU
		{2932915F-B527-4AF7-B3F5-7676A9485CDE}.Debug|x86.ActiveCfg = Debug|Any CPU
		{2932915F-B527-4AF7-B3F5-7676A9485CDE}.Debug|x86.Build.0 = Debug|Any CPU
		{2932915F-B527-4AF7-B3F5-7676A9485CDE}.Release|Any CPU.ActiveCfg = Release|Any CPU
		{2932915F-B527-4AF7-B3F5-7676A9485CDE}.Release|Any CPU.Build.0 = Release|Any CPU
		{2932915F-B527-4AF7-B3F5-7676A9485CDE}.Release|ARM.ActiveCfg = Release|Any CPU
		{2932915F-B527-4AF7-B3F5-7676A9485CDE}.Release|ARM.Build.0 = Release|Any CPU
		{2932915F-B527-4AF7-B3F5-7676A9485CDE}.Release|ARM64.ActiveCfg = Release|Any CPU
		{2932915F-B527-4AF7-B3F5-7676A9485CDE}.Release|ARM64.Build.0 = Release|Any CPU
		{2932915F-B527-4AF7-B3F5-7676A9485CDE}.Release|x64.ActiveCfg = Release|Any CPU
		{2932915F-B527-4AF7-B3F5-7676A9485CDE}.Release|x64.Build.0 = Release|Any CPU
		{2932915F-B527-4AF7-B3F5-7676A9485CDE}.Release|x86.ActiveCfg = Release|Any CPU
		{2932915F-B527-4AF7-B3F5-7676A9485CDE}.Release|x86.Build.0 = Release|Any CPU
	EndGlobalSection
	GlobalSection(SolutionProperties) = preSolution
		HideSolutionNode = FALSE
	EndGlobalSection
	GlobalSection(NestedProjects) = preSolution
		{9CD633D6-E7E0-4116-8032-0C33A7CCE86D} = {31D1F09A-DB90-418B-95F2-DAE8AEF29355}
		{2932915F-B527-4AF7-B3F5-7676A9485CDE} = {31D1F09A-DB90-418B-95F2-DAE8AEF29355}
	EndGlobalSection
	GlobalSection(ExtensibilityGlobals) = postSolution
		SolutionGuid = {FCB65439-533C-4FBB-A60B-414B573BE6BF}
	EndGlobalSection
EndGlobal
